// !$*UTF8*$!
{
	archiveVersion = 1;
	classes = {
	};
	objectVersion = 46;
	objects = {

/* Begin PBXBuildFile section */
		FA45BCB61F4621930042A483 /* AppDelegate.swift in Sources */ = {isa = PBXBuildFile; fileRef = FA45BCB51F4621930042A483 /* AppDelegate.swift */; };
		FA45BCB81F4621930042A483 /* KitDynamicsViewController.swift in Sources */ = {isa = PBXBuildFile; fileRef = FA45BCB71F4621930042A483 /* KitDynamicsViewController.swift */; };
		FA45BCBA1F4621930042A483 /* CalculadoraViewController.swift in Sources */ = {isa = PBXBuildFile; fileRef = FA45BCB91F4621930042A483 /* CalculadoraViewController.swift */; };
		FA45BCBD1F4621930042A483 /* Main.storyboard in Resources */ = {isa = PBXBuildFile; fileRef = FA45BCBB1F4621930042A483 /* Main.storyboard */; };
		FA45BCBF1F4621930042A483 /* Assets.xcassets in Resources */ = {isa = PBXBuildFile; fileRef = FA45BCBE1F4621930042A483 /* Assets.xcassets */; };
		FA45BCC21F4621930042A483 /* LaunchScreen.storyboard in Resources */ = {isa = PBXBuildFile; fileRef = FA45BCC01F4621930042A483 /* LaunchScreen.storyboard */; };
		FA45BCCA1F4623720042A483 /* ListaViewController.swift in Sources */ = {isa = PBXBuildFile; fileRef = FA45BCC91F4623720042A483 /* ListaViewController.swift */; };
		FA45BCCC1F4623850042A483 /* SwitchViewController.swift in Sources */ = {isa = PBXBuildFile; fileRef = FA45BCCB1F4623850042A483 /* SwitchViewController.swift */; };
		FA45BCCE1F46245E0042A483 /* tennis-ball.png in Resources */ = {isa = PBXBuildFile; fileRef = FA45BCCD1F46245E0042A483 /* tennis-ball.png */; };
		FA45BCD11F462F330042A483 /* Thunderstruck.mp3 in Resources */ = {isa = PBXBuildFile; fileRef = FA45BCD01F462F330042A483 /* Thunderstruck.mp3 */; };
/* End PBXBuildFile section */

/* Begin PBXFileReference section */
		FA45BCB21F4621930042A483 /* appUnion.app */ = {isa = PBXFileReference; explicitFileType = wrapper.application; includeInIndex = 0; path = appUnion.app; sourceTree = BUILT_PRODUCTS_DIR; };
		FA45BCB51F4621930042A483 /* AppDelegate.swift */ = {isa = PBXFileReference; lastKnownFileType = sourcecode.swift; path = AppDelegate.swift; sourceTree = "<group>"; };
		FA45BCB71F4621930042A483 /* KitDynamicsViewController.swift */ = {isa = PBXFileReference; lastKnownFileType = sourcecode.swift; path = KitDynamicsViewController.swift; sourceTree = "<group>"; };
		FA45BCB91F4621930042A483 /* CalculadoraViewController.swift */ = {isa = PBXFileReference; lastKnownFileType = sourcecode.swift; path = CalculadoraViewController.swift; sourceTree = "<group>"; };
		FA45BCBC1F4621930042A483 /* Base */ = {isa = PBXFileReference; lastKnownFileType = file.storyboard; name = Base; path = Base.lproj/Main.storyboard; sourceTree = "<group>"; };
		FA45BCBE1F4621930042A483 /* Assets.xcassets */ = {isa = PBXFileReference; lastKnownFileType = folder.assetcatalog; path = Assets.xcassets; sourceTree = "<group>"; };
		FA45BCC11F4621930042A483 /* Base */ = {isa = PBXFileReference; lastKnownFileType = file.storyboard; name = Base; path = Base.lproj/LaunchScreen.storyboard; sourceTree = "<group>"; };
		FA45BCC31F4621930042A483 /* Info.plist */ = {isa = PBXFileReference; lastKnownFileType = text.plist.xml; path = Info.plist; sourceTree = "<group>"; };
		FA45BCC91F4623720042A483 /* ListaViewController.swift */ = {isa = PBXFileReference; fileEncoding = 4; lastKnownFileType = sourcecode.swift; path = ListaViewController.swift; sourceTree = "<group>"; };
		FA45BCCB1F4623850042A483 /* SwitchViewController.swift */ = {isa = PBXFileReference; fileEncoding = 4; lastKnownFileType = sourcecode.swift; path = SwitchViewController.swift; sourceTree = "<group>"; };
		FA45BCCD1F46245E0042A483 /* tennis-ball.png */ = {isa = PBXFileReference; lastKnownFileType = image.png; name = "tennis-ball.png"; path = "../../tennis-ball.png"; sourceTree = "<group>"; };
		FA45BCD01F462F330042A483 /* Thunderstruck.mp3 */ = {isa = PBXFileReference; lastKnownFileType = audio.mp3; name = Thunderstruck.mp3; path = ../../Thunderstruck.mp3; sourceTree = "<group>"; };
/* End PBXFileReference section */

/* Begin PBXFrameworksBuildPhase section */
		FA45BCAF1F4621930042A483 /* Frameworks */ = {
			isa = PBXFrameworksBuildPhase;
			buildActionMask = 2147483647;
			files = (
			);
			runOnlyForDeploymentPostprocessing = 0;
		};
/* End PBXFrameworksBuildPhase section */

/* Begin PBXGroup section */
		FA45BCA91F4621930042A483 = {
			isa = PBXGroup;
			children = (
				FA45BCB41F4621930042A483 /* appUnion */,
				FA45BCB31F4621930042A483 /* Products */,
			);
			sourceTree = "<group>";
		};
		FA45BCB31F4621930042A483 /* Products */ = {
			isa = PBXGroup;
			children = (
				FA45BCB21F4621930042A483 /* appUnion.app */,
			);
			name = Products;
			sourceTree = "<group>";
		};
		FA45BCB41F4621930042A483 /* appUnion */ = {
			isa = PBXGroup;
			children = (
				FA45BCCF1F4624640042A483 /* img */,
				FA45BCB51F4621930042A483 /* AppDelegate.swift */,
				FA45BCB71F4621930042A483 /* KitDynamicsViewController.swift */,
				FA45BCB91F4621930042A483 /* CalculadoraViewController.swift */,
				FA45BCC91F4623720042A483 /* ListaViewController.swift */,
				FA45BCCB1F4623850042A483 /* SwitchViewController.swift */,
				FA45BCBB1F4621930042A483 /* Main.storyboard */,
				FA45BCBE1F4621930042A483 /* Assets.xcassets */,
				FA45BCD01F462F330042A483 /* Thunderstruck.mp3 */,
				FA45BCC01F4621930042A483 /* LaunchScreen.storyboard */,
				FA45BCC31F4621930042A483 /* Info.plist */,
			);
			path = appUnion;
			sourceTree = "<group>";
		};
		FA45BCCF1F4624640042A483 /* img */ = {
			isa = PBXGroup;
			children = (
				FA45BCCD1F46245E0042A483 /* tennis-ball.png */,
			);
			name = img;
			sourceTree = "<group>";
		};
/* End PBXGroup section */

/* Begin PBXNativeTarget section */
		FA45BCB11F4621930042A483 /* appUnion */ = {
			isa = PBXNativeTarget;
			buildConfigurationList = FA45BCC61F4621930042A483 /* Build configuration list for PBXNativeTarget "appUnion" */;
			buildPhases = (
				FA45BCAE1F4621930042A483 /* Sources */,
				FA45BCAF1F4621930042A483 /* Frameworks */,
				FA45BCB01F4621930042A483 /* Resources */,
			);
			buildRules = (
			);
			dependencies = (
			);
			name = appUnion;
			productName = appUnion;
			productReference = FA45BCB21F4621930042A483 /* appUnion.app */;
			productType = "com.apple.product-type.application";
		};
/* End PBXNativeTarget section */

/* Begin PBXProject section */
		FA45BCAA1F4621930042A483 /* Project object */ = {
			isa = PBXProject;
			attributes = {
				LastSwiftUpdateCheck = 0830;
				LastUpgradeCheck = 0830;
				ORGANIZATIONNAME = "Alejandro Agudo";
				TargetAttributes = {
					FA45BCB11F4621930042A483 = {
						CreatedOnToolsVersion = 8.3.3;
						ProvisioningStyle = Automatic;
					};
				};
			};
			buildConfigurationList = FA45BCAD1F4621930042A483 /* Build configuration list for PBXProject "appUnion" */;
			compatibilityVersion = "Xcode 3.2";
			developmentRegion = English;
			hasScannedForEncodings = 0;
			knownRegions = (
				en,
				Base,
			);
			mainGroup = FA45BCA91F4621930042A483;
			productRefGroup = FA45BCB31F4621930042A483 /* Products */;
			projectDirPath = "";
			projectRoot = "";
			targets = (
				FA45BCB11F4621930042A483 /* appUnion */,
			);
		};
/* End PBXProject section */

/* Begin PBXResourcesBuildPhase section */
		FA45BCB01F4621930042A483 /* Resources */ = {
			isa = PBXResourcesBuildPhase;
			buildActionMask = 2147483647;
			files = (
				FA45BCC21F4621930042A483 /* LaunchScreen.storyboard in Resources */,
				FA45BCBF1F4621930042A483 /* Assets.xcassets in Resources */,
				FA45BCBD1F4621930042A483 /* Main.storyboard in Resources */,
				FA45BCD11F462F330042A483 /* Thunderstruck.mp3 in Resources */,
				FA45BCCE1F46245E0042A483 /* tennis-ball.png in Resources */,
			);
			runOnlyForDeploymentPostprocessing = 0;
		};
/* End PBXResourcesBuildPhase section */

/* Begin PBXSourcesBuildPhase section */
		FA45BCAE1F4621930042A483 /* Sources */ = {
			isa = PBXSourcesBuildPhase;
			buildActionMask = 2147483647;
			files = (
				FA45BCCA1F4623720042A483 /* ListaViewController.swift in Sources */,
				FA45BCBA1F4621930042A483 /* CalculadoraViewController.swift in Sources */,
				FA45BCCC1F4623850042A483 /* SwitchViewController.swift in Sources */,
				FA45BCB61F4621930042A483 /* AppDelegate.swift in Sources */,
				FA45BCB81F4621930042A483 /* KitDynamicsViewController.swift in Sources */,
			);
			runOnlyForDeploymentPostprocessing = 0;
		};
/* End PBXSourcesBuildPhase section */

/* Begin PBXVariantGroup section */
		FA45BCBB1F4621930042A483 /* Main.storyboard */ = {
			isa = PBXVariantGroup;
			children = (
				FA45BCBC1F4621930042A483 /* Base */,
			);
			name = Main.storyboard;
			sourceTree = "<group>";
		};
		FA45BCC01F4621930042A483 /* LaunchScreen.storyboard */ = {
			isa = PBXVariantGroup;
			children = (
				FA45BCC11F4621930042A483 /* Base */,
			);
			name = LaunchScreen.storyboard;
			sourceTree = "<group>";
		};
/* End PBXVariantGroup section */

/* Begin XCBuildConfiguration section */
		FA45BCC41F4621930042A483 /* Debug */ = {
			isa = XCBuildConfiguration;
			buildSettings = {
				ALWAYS_SEARCH_USER_PATHS = NO;
				CLANG_ANALYZER_NONNULL = YES;
				CLANG_ANALYZER_NUMBER_OBJECT_CONVERSION = YES_AGGRESSIVE;
				CLANG_CXX_LANGUAGE_STANDARD = "gnu++0x";
				CLANG_CXX_LIBRARY = "libc++";
				CLANG_ENABLE_MODULES = YES;
				CLANG_ENABLE_OBJC_ARC = YES;
				CLANG_WARN_BOOL_CONVERSION = YES;
				CLANG_WARN_CONSTANT_CONVERSION = YES;
				CLANG_WARN_DIRECT_OBJC_ISA_USAGE = YES_ERROR;
				CLANG_WARN_DOCUMENTATION_COMMENTS = YES;
				CLANG_WARN_EMPTY_BODY = YES;
				CLANG_WARN_ENUM_CONVERSION = YES;
				CLANG_WARN_INFINITE_RECURSION = YES;
				CLANG_WARN_INT_CONVERSION = YES;
				CLANG_WARN_OBJC_ROOT_CLASS = YES_ERROR;
				CLANG_WARN_SUSPICIOUS_MOVE = YES;
				CLANG_WARN_UNREACHABLE_CODE = YES;
				CLANG_WARN__DUPLICATE_METHOD_MATCH = YES;
				"CODE_SIGN_IDENTITY[sdk=iphoneos*]" = "iPhone Developer";
				COPY_PHASE_STRIP = NO;
				DEBUG_INFORMATION_FORMAT = dwarf;
				ENABLE_STRICT_OBJC_MSGSEND = YES;
				ENABLE_TESTABILITY = YES;
				GCC_C_LANGUAGE_STANDARD = gnu99;
				GCC_DYNAMIC_NO_PIC = NO;
				GCC_NO_COMMON_BLOCKS = YES;
				GCC_OPTIMIZATION_LEVEL = 0;
				GCC_PREPROCESSOR_DEFINITIONS = (
					"DEBUG=1",
					"$(inherited)",
				);
				GCC_WARN_64_TO_32_BIT_CONVERSION = YES;
				GCC_WARN_ABOUT_RETURN_TYPE = YES_ERROR;
				GCC_WARN_UNDECLARED_SELECTOR = YES;
				GCC_WARN_UNINITIALIZED_AUTOS = YES_AGGRESSIVE;
				GCC_WARN_UNUSED_FUNCTION = YES;
				GCC_WARN_UNUSED_VARIABLE = YES;
				IPHONEOS_DEPLOYMENT_TARGET = 10.3;
				MTL_ENABLE_DEBUG_INFO = YES;
				ONLY_ACTIVE_ARCH = YES;
				SDKROOT = iphoneos;
				SWIFT_ACTIVE_COMPILATION_CONDITIONS = DEBUG;
				SWIFT_OPTIMIZATION_LEVEL = "-Onone";
				TARGETED_DEVICE_FAMILY = "1,2";
			};
			name = Debug;
		};
		FA45BCC51F4621930042A483 /* Release */ = {
			isa = XCBuildConfiguration;
			buildSettings = {
				ALWAYS_SEARCH_USER_PATHS = NO;
				CLANG_ANALYZER_NONNULL = YES;
				CLANG_ANALYZER_NUMBER_OBJECT_CONVERSION = YES_AGGRESSIVE;
				CLANG_CXX_LANGUAGE_STANDARD = "gnu++0x";
				CLANG_CXX_LIBRARY = "libc++";
				CLANG_ENABLE_MODULES = YES;
				CLANG_ENABLE_OBJC_ARC = YES;
				CLANG_WARN_BOOL_CONVERSION = YES;
				CLANG_WARN_CONSTANT_CONVERSION = YES;
				CLANG_WARN_DIRECT_OBJC_ISA_USAGE = YES_ERROR;
				CLANG_WARN_DOCUMENTATION_COMMENTS = YES;
				CLANG_WARN_EMPTY_BODY = YES;
				CLANG_WARN_ENUM_CONVERSION = YES;
				CLANG_WARN_INFINITE_RECURSION = YES;
				CLANG_WARN_INT_CONVERSION = YES;
				CLANG_WARN_OBJC_ROOT_CLASS = YES_ERROR;
				CLANG_WARN_SUSPICIOUS_MOVE = YES;
				CLANG_WARN_UNREACHABLE_CODE = YES;
				CLANG_WARN__DUPLICATE_METHOD_MATCH = YES;
				"CODE_SIGN_IDENTITY[sdk=iphoneos*]" = "iPhone Developer";
				COPY_PHASE_STRIP = NO;
				DEBUG_INFORMATION_FORMAT = "dwarf-with-dsym";
				ENABLE_NS_ASSERTIONS = NO;
				ENABLE_STRICT_OBJC_MSGSEND = YES;
				GCC_C_LANGUAGE_STANDARD = gnu99;
				GCC_NO_COMMON_BLOCKS = YES;
				GCC_WARN_64_TO_32_BIT_CONVERSION = YES;
				GCC_WARN_ABOUT_RETURN_TYPE = YES_ERROR;
				GCC_WARN_UNDECLARED_SELECTOR = YES;
				GCC_WARN_UNINITIALIZED_AUTOS = YES_AGGRESSIVE;
				GCC_WARN_UNUSED_FUNCTION = YES;
				GCC_WARN_UNUSED_VARIABLE = YES;
				IPHONEOS_DEPLOYMENT_TARGET = 10.3;
				MTL_ENABLE_DEBUG_INFO = NO;
				SDKROOT = iphoneos;
				SWIFT_OPTIMIZATION_LEVEL = "-Owholemodule";
				TARGETED_DEVICE_FAMILY = "1,2";
				VALIDATE_PRODUCT = YES;
			};
			name = Release;
		};
		FA45BCC71F4621930042A483 /* Debug */ = {
			isa = XCBuildConfiguration;
			buildSettings = {
				ASSETCATALOG_COMPILER_APPICON_NAME = AppIcon;
				INFOPLIST_FILE = appUnion/Info.plist;
				LD_RUNPATH_SEARCH_PATHS = "$(inherited) @executable_path/Frameworks";
				PRODUCT_BUNDLE_IDENTIFIER = Caliente.appUnion;
				PRODUCT_NAME = "$(TARGET_NAME)";
				SWIFT_VERSION = 3.0;
			};
			name = Debug;
		};
		FA45BCC81F4621930042A483 /* Release */ = {
			isa = XCBuildConfiguration;
			buildSettings = {
				ASSETCATALOG_COMPILER_APPICON_NAME = AppIcon;
				INFOPLIST_FILE = appUnion/Info.plist;
				LD_RUNPATH_SEARCH_PATHS = "$(inherited) @executable_path/Frameworks";
				PRODUCT_BUNDLE_IDENTIFIER = Caliente.appUnion;
				PRODUCT_NAME = "$(TARGET_NAME)";
				SWIFT_VERSION = 3.0;
			};
			name = Release;
		};
/* End XCBuildConfiguration section */

/* Begin XCConfigurationList section */
		FA45BCAD1F4621930042A483 /* Build configuration list for PBXProject "appUnion" */ = {
			isa = XCConfigurationList;
			buildConfigurations = (
				FA45BCC41F4621930042A483 /* Debug */,
				FA45BCC51F4621930042A483 /* Release */,
			);
			defaultConfigurationIsVisible = 0;
			defaultConfigurationName = Release;
		};
		FA45BCC61F4621930042A483 /* Build configuration list for PBXNativeTarget "appUnion" */ = {
			isa = XCConfigurationList;
			buildConfigurations = (
				FA45BCC71F4621930042A483 /* Debug */,
				FA45BCC81F4621930042A483 /* Release */,
			);
			defaultConfigurationIsVisible = 0;
		};
/* End XCConfigurationList section */
	};
	rootObject = FA45BCAA1F4621930042A483 /* Project object */;
}
