// !$*UTF8*$!
{
	archiveVersion = 1;
	classes = {
	};
	objectVersion = 46;
	objects = {

/* Begin PBXBuildFile section */
		FA5F306D1F48B76F00C2067D /* AppDelegate.swift in Sources */ = {isa = PBXBuildFile; fileRef = FA5F306C1F48B76F00C2067D /* AppDelegate.swift */; };
		FA5F306F1F48B76F00C2067D /* ViewController.swift in Sources */ = {isa = PBXBuildFile; fileRef = FA5F306E1F48B76F00C2067D /* ViewController.swift */; };
		FA5F30721F48B76F00C2067D /* Main.storyboard in Resources */ = {isa = PBXBuildFile; fileRef = FA5F30701F48B76F00C2067D /* Main.storyboard */; };
		FA5F30751F48B76F00C2067D /* app6Final.xcdatamodeld in Sources */ = {isa = PBXBuildFile; fileRef = FA5F30731F48B76F00C2067D /* app6Final.xcdatamodeld */; };
		FA5F30771F48B76F00C2067D /* Assets.xcassets in Resources */ = {isa = PBXBuildFile; fileRef = FA5F30761F48B76F00C2067D /* Assets.xcassets */; };
		FA5F307A1F48B76F00C2067D /* LaunchScreen.storyboard in Resources */ = {isa = PBXBuildFile; fileRef = FA5F30781F48B76F00C2067D /* LaunchScreen.storyboard */; };
		FA5F30851F48B7F100C2067D /* css in Resources */ = {isa = PBXBuildFile; fileRef = FA5F30821F48B7F100C2067D /* css */; };
		FA5F30861F48B7F100C2067D /* particulas.html in Resources */ = {isa = PBXBuildFile; fileRef = FA5F30831F48B7F100C2067D /* particulas.html */; };
		FA5F30871F48B7F100C2067D /* scriptjs in Resources */ = {isa = PBXBuildFile; fileRef = FA5F30841F48B7F100C2067D /* scriptjs */; };
		FA5F30891F48BAFC00C2067D /* SwitchViewController.swift in Sources */ = {isa = PBXBuildFile; fileRef = FA5F30881F48BAFC00C2067D /* SwitchViewController.swift */; };
		FA5F308D1F48BB9700C2067D /* TableViewController.swift in Sources */ = {isa = PBXBuildFile; fileRef = FA5F308C1F48BB9700C2067D /* TableViewController.swift */; };
		FA5F308F1F48C2C900C2067D /* Thunderstruck.mp3 in Resources */ = {isa = PBXBuildFile; fileRef = FA5F308E1F48C2C900C2067D /* Thunderstruck.mp3 */; };
		FA5F30911F48C3F100C2067D /* NotificationViewController.swift in Sources */ = {isa = PBXBuildFile; fileRef = FA5F30901F48C3F100C2067D /* NotificationViewController.swift */; };
		FA5F30931F48C58900C2067D /* apple-logo.png in Resources */ = {isa = PBXBuildFile; fileRef = FA5F30921F48C58900C2067D /* apple-logo.png */; };
		FA5F30951F48C61400C2067D /* CamaraViewController.swift in Sources */ = {isa = PBXBuildFile; fileRef = FA5F30941F48C61400C2067D /* CamaraViewController.swift */; };
		FA5F30971F48C89B00C2067D /* ListadoViewController.swift in Sources */ = {isa = PBXBuildFile; fileRef = FA5F30961F48C89B00C2067D /* ListadoViewController.swift */; };
/* End PBXBuildFile section */

/* Begin PBXFileReference section */
		FA5F30691F48B76F00C2067D /* app6Final.app */ = {isa = PBXFileReference; explicitFileType = wrapper.application; includeInIndex = 0; path = app6Final.app; sourceTree = BUILT_PRODUCTS_DIR; };
		FA5F306C1F48B76F00C2067D /* AppDelegate.swift */ = {isa = PBXFileReference; lastKnownFileType = sourcecode.swift; path = AppDelegate.swift; sourceTree = "<group>"; };
		FA5F306E1F48B76F00C2067D /* ViewController.swift */ = {isa = PBXFileReference; lastKnownFileType = sourcecode.swift; path = ViewController.swift; sourceTree = "<group>"; };
		FA5F30711F48B76F00C2067D /* Base */ = {isa = PBXFileReference; lastKnownFileType = file.storyboard; name = Base; path = Base.lproj/Main.storyboard; sourceTree = "<group>"; };
		FA5F30741F48B76F00C2067D /* app6Final.xcdatamodel */ = {isa = PBXFileReference; lastKnownFileType = wrapper.xcdatamodel; path = app6Final.xcdatamodel; sourceTree = "<group>"; };
		FA5F30761F48B76F00C2067D /* Assets.xcassets */ = {isa = PBXFileReference; lastKnownFileType = folder.assetcatalog; path = Assets.xcassets; sourceTree = "<group>"; };
		FA5F30791F48B76F00C2067D /* Base */ = {isa = PBXFileReference; lastKnownFileType = file.storyboard; name = Base; path = Base.lproj/LaunchScreen.storyboard; sourceTree = "<group>"; };
		FA5F307B1F48B76F00C2067D /* Info.plist */ = {isa = PBXFileReference; lastKnownFileType = text.plist.xml; path = Info.plist; sourceTree = "<group>"; };
		FA5F30821F48B7F100C2067D /* css */ = {isa = PBXFileReference; lastKnownFileType = folder; name = css; path = ../../../../../Downloads/Particulas/css; sourceTree = "<group>"; };
		FA5F30831F48B7F100C2067D /* particulas.html */ = {isa = PBXFileReference; fileEncoding = 4; lastKnownFileType = text.html; name = particulas.html; path = ../../../../../Downloads/Particulas/particulas.html; sourceTree = "<group>"; };
		FA5F30841F48B7F100C2067D /* scriptjs */ = {isa = PBXFileReference; lastKnownFileType = folder; name = scriptjs; path = ../../../../../Downloads/Particulas/scriptjs; sourceTree = "<group>"; };
		FA5F30881F48BAFC00C2067D /* SwitchViewController.swift */ = {isa = PBXFileReference; fileEncoding = 4; lastKnownFileType = sourcecode.swift; path = SwitchViewController.swift; sourceTree = "<group>"; };
		FA5F308C1F48BB9700C2067D /* TableViewController.swift */ = {isa = PBXFileReference; fileEncoding = 4; lastKnownFileType = sourcecode.swift; path = TableViewController.swift; sourceTree = "<group>"; };
		FA5F308E1F48C2C900C2067D /* Thunderstruck.mp3 */ = {isa = PBXFileReference; lastKnownFileType = audio.mp3; name = Thunderstruck.mp3; path = ../../../../../Downloads/Thunderstruck.mp3; sourceTree = "<group>"; };
		FA5F30901F48C3F100C2067D /* NotificationViewController.swift */ = {isa = PBXFileReference; fileEncoding = 4; lastKnownFileType = sourcecode.swift; path = NotificationViewController.swift; sourceTree = "<group>"; };
		FA5F30921F48C58900C2067D /* apple-logo.png */ = {isa = PBXFileReference; lastKnownFileType = image.png; name = "apple-logo.png"; path = "../../../Clase4/apple-logo.png"; sourceTree = "<group>"; };
		FA5F30941F48C61400C2067D /* CamaraViewController.swift */ = {isa = PBXFileReference; fileEncoding = 4; lastKnownFileType = sourcecode.swift; path = CamaraViewController.swift; sourceTree = "<group>"; };
		FA5F30961F48C89B00C2067D /* ListadoViewController.swift */ = {isa = PBXFileReference; fileEncoding = 4; lastKnownFileType = sourcecode.swift; path = ListadoViewController.swift; sourceTree = "<group>"; };
/* End PBXFileReference section */

/* Begin PBXFrameworksBuildPhase section */
		FA5F30661F48B76F00C2067D /* Frameworks */ = {
			isa = PBXFrameworksBuildPhase;
			buildActionMask = 2147483647;
			files = (
			);
			runOnlyForDeploymentPostprocessing = 0;
		};
/* End PBXFrameworksBuildPhase section */

/* Begin PBXGroup section */
		FA5F30601F48B76F00C2067D = {
			isa = PBXGroup;
			children = (
				FA5F306B1F48B76F00C2067D /* app6Final */,
				FA5F306A1F48B76F00C2067D /* Products */,
			);
			sourceTree = "<group>";
		};
		FA5F306A1F48B76F00C2067D /* Products */ = {
			isa = PBXGroup;
			children = (
				FA5F30691F48B76F00C2067D /* app6Final.app */,
			);
			name = Products;
			sourceTree = "<group>";
		};
		FA5F306B1F48B76F00C2067D /* app6Final */ = {
			isa = PBXGroup;
			children = (
				FA5F30921F48C58900C2067D /* apple-logo.png */,
				FA5F30811F48B7DD00C2067D /* Particulas */,
				FA5F306C1F48B76F00C2067D /* AppDelegate.swift */,
				FA5F306E1F48B76F00C2067D /* ViewController.swift */,
				FA5F30701F48B76F00C2067D /* Main.storyboard */,
				FA5F30761F48B76F00C2067D /* Assets.xcassets */,
				FA5F308E1F48C2C900C2067D /* Thunderstruck.mp3 */,
				FA5F30781F48B76F00C2067D /* LaunchScreen.storyboard */,
				FA5F307B1F48B76F00C2067D /* Info.plist */,
				FA5F30731F48B76F00C2067D /* app6Final.xcdatamodeld */,
				FA5F30881F48BAFC00C2067D /* SwitchViewController.swift */,
				FA5F308C1F48BB9700C2067D /* TableViewController.swift */,
				FA5F30901F48C3F100C2067D /* NotificationViewController.swift */,
				FA5F30941F48C61400C2067D /* CamaraViewController.swift */,
				FA5F30961F48C89B00C2067D /* ListadoViewController.swift */,
			);
			path = app6Final;
			sourceTree = "<group>";
		};
		FA5F30811F48B7DD00C2067D /* Particulas */ = {
			isa = PBXGroup;
			children = (
				FA5F30821F48B7F100C2067D /* css */,
				FA5F30831F48B7F100C2067D /* particulas.html */,
				FA5F30841F48B7F100C2067D /* scriptjs */,
			);
			name = Particulas;
			sourceTree = "<group>";
		};
/* End PBXGroup section */

/* Begin PBXNativeTarget section */
		FA5F30681F48B76F00C2067D /* app6Final */ = {
			isa = PBXNativeTarget;
			buildConfigurationList = FA5F307E1F48B76F00C2067D /* Build configuration list for PBXNativeTarget "app6Final" */;
			buildPhases = (
				FA5F30651F48B76F00C2067D /* Sources */,
				FA5F30661F48B76F00C2067D /* Frameworks */,
				FA5F30671F48B76F00C2067D /* Resources */,
			);
			buildRules = (
			);
			dependencies = (
			);
			name = app6Final;
			productName = app6Final;
			productReference = FA5F30691F48B76F00C2067D /* app6Final.app */;
			productType = "com.apple.product-type.application";
		};
/* End PBXNativeTarget section */

/* Begin PBXProject section */
		FA5F30611F48B76F00C2067D /* Project object */ = {
			isa = PBXProject;
			attributes = {
				LastSwiftUpdateCheck = 0830;
				LastUpgradeCheck = 0830;
				ORGANIZATIONNAME = "Alejandro Agudo";
				TargetAttributes = {
					FA5F30681F48B76F00C2067D = {
						CreatedOnToolsVersion = 8.3.3;
						ProvisioningStyle = Automatic;
					};
				};
			};
			buildConfigurationList = FA5F30641F48B76F00C2067D /* Build configuration list for PBXProject "app6Final" */;
			compatibilityVersion = "Xcode 3.2";
			developmentRegion = English;
			hasScannedForEncodings = 0;
			knownRegions = (
				en,
				Base,
			);
			mainGroup = FA5F30601F48B76F00C2067D;
			productRefGroup = FA5F306A1F48B76F00C2067D /* Products */;
			projectDirPath = "";
			projectRoot = "";
			targets = (
				FA5F30681F48B76F00C2067D /* app6Final */,
			);
		};
/* End PBXProject section */

/* Begin PBXResourcesBuildPhase section */
		FA5F30671F48B76F00C2067D /* Resources */ = {
			isa = PBXResourcesBuildPhase;
			buildActionMask = 2147483647;
			files = (
				FA5F30871F48B7F100C2067D /* scriptjs in Resources */,
				FA5F30931F48C58900C2067D /* apple-logo.png in Resources */,
				FA5F30851F48B7F100C2067D /* css in Resources */,
				FA5F308F1F48C2C900C2067D /* Thunderstruck.mp3 in Resources */,
				FA5F307A1F48B76F00C2067D /* LaunchScreen.storyboard in Resources */,
				FA5F30861F48B7F100C2067D /* particulas.html in Resources */,
				FA5F30771F48B76F00C2067D /* Assets.xcassets in Resources */,
				FA5F30721F48B76F00C2067D /* Main.storyboard in Resources */,
			);
			runOnlyForDeploymentPostprocessing = 0;
		};
/* End PBXResourcesBuildPhase section */

/* Begin PBXSourcesBuildPhase section */
		FA5F30651F48B76F00C2067D /* Sources */ = {
			isa = PBXSourcesBuildPhase;
			buildActionMask = 2147483647;
			files = (
				FA5F30751F48B76F00C2067D /* app6Final.xcdatamodeld in Sources */,
				FA5F306F1F48B76F00C2067D /* ViewController.swift in Sources */,
				FA5F30911F48C3F100C2067D /* NotificationViewController.swift in Sources */,
				FA5F30951F48C61400C2067D /* CamaraViewController.swift in Sources */,
				FA5F30891F48BAFC00C2067D /* SwitchViewController.swift in Sources */,
				FA5F30971F48C89B00C2067D /* ListadoViewController.swift in Sources */,
				FA5F308D1F48BB9700C2067D /* TableViewController.swift in Sources */,
				FA5F306D1F48B76F00C2067D /* AppDelegate.swift in Sources */,
			);
			runOnlyForDeploymentPostprocessing = 0;
		};
/* End PBXSourcesBuildPhase section */

/* Begin PBXVariantGroup section */
		FA5F30701F48B76F00C2067D /* Main.storyboard */ = {
			isa = PBXVariantGroup;
			children = (
				FA5F30711F48B76F00C2067D /* Base */,
			);
			name = Main.storyboard;
			sourceTree = "<group>";
		};
		FA5F30781F48B76F00C2067D /* LaunchScreen.storyboard */ = {
			isa = PBXVariantGroup;
			children = (
				FA5F30791F48B76F00C2067D /* Base */,
			);
			name = LaunchScreen.storyboard;
			sourceTree = "<group>";
		};
/* End PBXVariantGroup section */

/* Begin XCBuildConfiguration section */
		FA5F307C1F48B76F00C2067D /* Debug */ = {
			isa = XCBuildConfiguration;
			buildSettings = {
				ALWAYS_SEARCH_USER_PATHS = NO;
				CLANG_ANALYZER_NONNULL = YES;
				CLANG_ANALYZER_NUMBER_OBJECT_CONVERSION = YES_AGGRESSIVE;
				CLANG_CXX_LANGUAGE_STANDARD = "gnu++0x";
				CLANG_CXX_LIBRARY = "libc++";
				CLANG_ENABLE_MODULES = YES;
				CLANG_ENABLE_OBJC_ARC = YES;
				CLANG_WARN_BOOL_CONVERSION = YES;
				CLANG_WARN_CONSTANT_CONVERSION = YES;
				CLANG_WARN_DIRECT_OBJC_ISA_USAGE = YES_ERROR;
				CLANG_WARN_DOCUMENTATION_COMMENTS = YES;
				CLANG_WARN_EMPTY_BODY = YES;
				CLANG_WARN_ENUM_CONVERSION = YES;
				CLANG_WARN_INFINITE_RECURSION = YES;
				CLANG_WARN_INT_CONVERSION = YES;
				CLANG_WARN_OBJC_ROOT_CLASS = YES_ERROR;
				CLANG_WARN_SUSPICIOUS_MOVE = YES;
				CLANG_WARN_UNREACHABLE_CODE = YES;
				CLANG_WARN__DUPLICATE_METHOD_MATCH = YES;
				"CODE_SIGN_IDENTITY[sdk=iphoneos*]" = "iPhone Developer";
				COPY_PHASE_STRIP = NO;
				DEBUG_INFORMATION_FORMAT = dwarf;
				ENABLE_STRICT_OBJC_MSGSEND = YES;
				ENABLE_TESTABILITY = YES;
				GCC_C_LANGUAGE_STANDARD = gnu99;
				GCC_DYNAMIC_NO_PIC = NO;
				GCC_NO_COMMON_BLOCKS = YES;
				GCC_OPTIMIZATION_LEVEL = 0;
				GCC_PREPROCESSOR_DEFINITIONS = (
					"DEBUG=1",
					"$(inherited)",
				);
				GCC_WARN_64_TO_32_BIT_CONVERSION = YES;
				GCC_WARN_ABOUT_RETURN_TYPE = YES_ERROR;
				GCC_WARN_UNDECLARED_SELECTOR = YES;
				GCC_WARN_UNINITIALIZED_AUTOS = YES_AGGRESSIVE;
				GCC_WARN_UNUSED_FUNCTION = YES;
				GCC_WARN_UNUSED_VARIABLE = YES;
				IPHONEOS_DEPLOYMENT_TARGET = 10.3;
				MTL_ENABLE_DEBUG_INFO = YES;
				ONLY_ACTIVE_ARCH = YES;
				SDKROOT = iphoneos;
				SWIFT_ACTIVE_COMPILATION_CONDITIONS = DEBUG;
				SWIFT_OPTIMIZATION_LEVEL = "-Onone";
				TARGETED_DEVICE_FAMILY = "1,2";
			};
			name = Debug;
		};
		FA5F307D1F48B76F00C2067D /* Release */ = {
			isa = XCBuildConfiguration;
			buildSettings = {
				ALWAYS_SEARCH_USER_PATHS = NO;
				CLANG_ANALYZER_NONNULL = YES;
				CLANG_ANALYZER_NUMBER_OBJECT_CONVERSION = YES_AGGRESSIVE;
				CLANG_CXX_LANGUAGE_STANDARD = "gnu++0x";
				CLANG_CXX_LIBRARY = "libc++";
				CLANG_ENABLE_MODULES = YES;
				CLANG_ENABLE_OBJC_ARC = YES;
				CLANG_WARN_BOOL_CONVERSION = YES;
				CLANG_WARN_CONSTANT_CONVERSION = YES;
				CLANG_WARN_DIRECT_OBJC_ISA_USAGE = YES_ERROR;
				CLANG_WARN_DOCUMENTATION_COMMENTS = YES;
				CLANG_WARN_EMPTY_BODY = YES;
				CLANG_WARN_ENUM_CONVERSION = YES;
				CLANG_WARN_INFINITE_RECURSION = YES;
				CLANG_WARN_INT_CONVERSION = YES;
				CLANG_WARN_OBJC_ROOT_CLASS = YES_ERROR;
				CLANG_WARN_SUSPICIOUS_MOVE = YES;
				CLANG_WARN_UNREACHABLE_CODE = YES;
				CLANG_WARN__DUPLICATE_METHOD_MATCH = YES;
				"CODE_SIGN_IDENTITY[sdk=iphoneos*]" = "iPhone Developer";
				COPY_PHASE_STRIP = NO;
				DEBUG_INFORMATION_FORMAT = "dwarf-with-dsym";
				ENABLE_NS_ASSERTIONS = NO;
				ENABLE_STRICT_OBJC_MSGSEND = YES;
				GCC_C_LANGUAGE_STANDARD = gnu99;
				GCC_NO_COMMON_BLOCKS = YES;
				GCC_WARN_64_TO_32_BIT_CONVERSION = YES;
				GCC_WARN_ABOUT_RETURN_TYPE = YES_ERROR;
				GCC_WARN_UNDECLARED_SELECTOR = YES;
				GCC_WARN_UNINITIALIZED_AUTOS = YES_AGGRESSIVE;
				GCC_WARN_UNUSED_FUNCTION = YES;
				GCC_WARN_UNUSED_VARIABLE = YES;
				IPHONEOS_DEPLOYMENT_TARGET = 10.3;
				MTL_ENABLE_DEBUG_INFO = NO;
				SDKROOT = iphoneos;
				SWIFT_OPTIMIZATION_LEVEL = "-Owholemodule";
				TARGETED_DEVICE_FAMILY = "1,2";
				VALIDATE_PRODUCT = YES;
			};
			name = Release;
		};
		FA5F307F1F48B76F00C2067D /* Debug */ = {
			isa = XCBuildConfiguration;
			buildSettings = {
				ASSETCATALOG_COMPILER_APPICON_NAME = AppIcon;
				INFOPLIST_FILE = app6Final/Info.plist;
				LD_RUNPATH_SEARCH_PATHS = "$(inherited) @executable_path/Frameworks";
				PRODUCT_BUNDLE_IDENTIFIER = Caliente.app6Final;
				PRODUCT_NAME = "$(TARGET_NAME)";
				SWIFT_VERSION = 3.0;
			};
			name = Debug;
		};
		FA5F30801F48B76F00C2067D /* Release */ = {
			isa = XCBuildConfiguration;
			buildSettings = {
				ASSETCATALOG_COMPILER_APPICON_NAME = AppIcon;
				INFOPLIST_FILE = app6Final/Info.plist;
				LD_RUNPATH_SEARCH_PATHS = "$(inherited) @executable_path/Frameworks";
				PRODUCT_BUNDLE_IDENTIFIER = Caliente.app6Final;
				PRODUCT_NAME = "$(TARGET_NAME)";
				SWIFT_VERSION = 3.0;
			};
			name = Release;
		};
/* End XCBuildConfiguration section */

/* Begin XCConfigurationList section */
		FA5F30641F48B76F00C2067D /* Build configuration list for PBXProject "app6Final" */ = {
			isa = XCConfigurationList;
			buildConfigurations = (
				FA5F307C1F48B76F00C2067D /* Debug */,
				FA5F307D1F48B76F00C2067D /* Release */,
			);
			defaultConfigurationIsVisible = 0;
			defaultConfigurationName = Release;
		};
		FA5F307E1F48B76F00C2067D /* Build configuration list for PBXNativeTarget "app6Final" */ = {
			isa = XCConfigurationList;
			buildConfigurations = (
				FA5F307F1F48B76F00C2067D /* Debug */,
				FA5F30801F48B76F00C2067D /* Release */,
			);
			defaultConfigurationIsVisible = 0;
		};
/* End XCConfigurationList section */

/* Begin XCVersionGroup section */
		FA5F30731F48B76F00C2067D /* app6Final.xcdatamodeld */ = {
			isa = XCVersionGroup;
			children = (
				FA5F30741F48B76F00C2067D /* app6Final.xcdatamodel */,
			);
			currentVersion = FA5F30741F48B76F00C2067D /* app6Final.xcdatamodel */;
			path = app6Final.xcdatamodeld;
			sourceTree = "<group>";
			versionGroupType = wrapper.xcdatamodel;
		};
/* End XCVersionGroup section */
	};
	rootObject = FA5F30611F48B76F00C2067D /* Project object */;
}
